
Microsoft Visual Studio Solution File, Format Version 12.00
# Blend for Visual Studio Version 16
VisualStudioVersion = 16.0.29411.108
MinimumVisualStudioVersion = 10.0.40219.1
Project("{FAE04EC0-301F-11D3-BF4B-00C04F79EFBC}") = "WpfControlLibrary1", "WpfControlLibrary1\WpfControlLibrary1.csproj", "{53B31DC8-E122-4041-BB5C-9C1C05C420B7}"
EndProject
Global
	GlobalSection(SolutionConfigurationPlatforms) = preSolution
		Debug|Any CPU = Debug|Any CPU
		Release|Any CPU = Release|Any CPU
	EndGlobalSection
	GlobalSection(ProjectConfigurationPlatforms) = postSolution
		{53B31DC8-E122-4041-BB5C-9C1C05C420B7}.Debug|Any CPU.ActiveCfg = Debug|Any CPU
		{53B31DC8-E122-4041-BB5C-9C1C05C420B7}.Debug|Any CPU.Build.0 = Debug|Any CPU
		{53B31DC8-E122-4041-BB5C-9C1C05C420B7}.Release|Any CPU.ActiveCfg = Release|Any CPU
		{53B31DC8-E122-4041-BB5C-9C1C05C420B7}.Release|Any CPU.Build.0 = Release|Any CPU
	EndGlobalSection
	GlobalSection(SolutionProperties) = preSolution
		HideSolutionNode = FALSE
	EndGlobalSection
	GlobalSection(ExtensibilityGlobals) = postSolution
		SolutionGuid = {DA325E6B-6356-4097-8D6F-46F52899FA14}
	EndGlobalSection
EndGlobal
